
Microsoft Visual Studio Solution File, Format Version 9.00
# Visual Studio 2005
Project("{FAE04EC0-301F-11D3-BF4B-00C04F79EFBC}") = "SigaControls", "SigaControls\SigaControls.csproj", "{D89284D6-92BB-4811-AA6E-E92F304AEF96}"
	ProjectSection(WebsiteProperties) = preProject
		Debug.AspNetCompiler.Debug = "True"
		Release.AspNetCompiler.Debug = "False"
	EndProjectSection
EndProject
Project("{FAE04EC0-301F-11D3-BF4B-00C04F79EFBC}") = "SigaObjects", "SigaObjects\SigaObjects.csproj", "{2CB237EB-69DE-41D0-875A-51183D923050}"
	ProjectSection(WebsiteProperties) = preProject
		Debug.AspNetCompiler.Debug = "True"
		Release.AspNetCompiler.Debug = "False"
	EndProjectSection
EndProject
Project("{FAE04EC0-301F-11D3-BF4B-00C04F79EFBC}") = "Carralero", "Carralero\Carralero.csproj", "{F105AC70-38FF-46AA-AB4D-67CE583DF459}"
	ProjectSection(WebsiteProperties) = preProject
		Debug.AspNetCompiler.Debug = "True"
		Release.AspNetCompiler.Debug = "False"
	EndProjectSection
EndProject
Project("{FAE04EC0-301F-11D3-BF4B-00C04F79EFBC}") = "SigaWeb", "SigaWeb\SigaWeb.csproj", "{B9738B51-31F1-49DE-AB7C-0BFB62FB7715}"
	ProjectSection(WebsiteProperties) = preProject
		Debug.AspNetCompiler.Debug = "True"
		Release.AspNetCompiler.Debug = "False"
	EndProjectSection
EndProject
Project("{FAE04EC0-301F-11D3-BF4B-00C04F79EFBC}") = "consoleTest", "consoleTest\consoleTest.csproj", "{5FCDF3B3-9205-4C90-88EB-8DC9AFC3F766}"
	ProjectSection(WebsiteProperties) = preProject
		Debug.AspNetCompiler.Debug = "True"
		Release.AspNetCompiler.Debug = "False"
	EndProjectSection
EndProject
Project("{FAE04EC0-301F-11D3-BF4B-00C04F79EFBC}") = "SigaWebInstaller", "SigaWebInstaller\SigaWebInstaller.csproj", "{18A6169A-1193-41AB-A600-3CF09B315224}"
	ProjectSection(WebsiteProperties) = preProject
		Debug.AspNetCompiler.Debug = "True"
		Release.AspNetCompiler.Debug = "False"
	EndProjectSection
EndProject
Project("{2150E333-8FDC-42A3-9474-1A3956D46DE8}") = "libs", "libs", "{9ABA83F0-E6A2-4687-99C0-A00FD9AF4938}"
	ProjectSection(WebsiteProperties) = preProject
		Debug.AspNetCompiler.Debug = "True"
		Release.AspNetCompiler.Debug = "False"
	EndProjectSection
	ProjectSection(SolutionItems) = preProject
		..\..\..\_componentes e tools\CarlosAg.ExcelXmlWriter\CarlosAg.ExcelXmlWriter\CarlosAg.ExcelXmlWriter.dll = ..\..\..\_componentes e tools\CarlosAg.ExcelXmlWriter\CarlosAg.ExcelXmlWriter\CarlosAg.ExcelXmlWriter.dll
		..\..\..\..\SGDB\QUERYES\SigaWeb\CARRALERO_SigaWeb_2009-07-21.sql = ..\..\..\..\SGDB\QUERYES\SigaWeb\CARRALERO_SigaWeb_2009-07-21.sql
	EndProjectSection
EndProject
Global
	GlobalSection(SubversionScc) = preSolution
		Svn-Managed = True
		Manager = AnkhSVN - Subversion Support for Visual Studio
	EndGlobalSection
	GlobalSection(SolutionConfigurationPlatforms) = preSolution
		Debug|Any CPU = Debug|Any CPU
		Release|Any CPU = Release|Any CPU
	EndGlobalSection
	GlobalSection(ProjectConfigurationPlatforms) = postSolution
		{D89284D6-92BB-4811-AA6E-E92F304AEF96}.Debug|Any CPU.ActiveCfg = Debug|Any CPU
		{D89284D6-92BB-4811-AA6E-E92F304AEF96}.Debug|Any CPU.Build.0 = Debug|Any CPU
		{D89284D6-92BB-4811-AA6E-E92F304AEF96}.Release|Any CPU.ActiveCfg = Release|Any CPU
		{D89284D6-92BB-4811-AA6E-E92F304AEF96}.Release|Any CPU.Build.0 = Release|Any CPU
		{2CB237EB-69DE-41D0-875A-51183D923050}.Debug|Any CPU.ActiveCfg = Debug|Any CPU
		{2CB237EB-69DE-41D0-875A-51183D923050}.Debug|Any CPU.Build.0 = Debug|Any CPU
		{2CB237EB-69DE-41D0-875A-51183D923050}.Release|Any CPU.ActiveCfg = Release|Any CPU
		{2CB237EB-69DE-41D0-875A-51183D923050}.Release|Any CPU.Build.0 = Release|Any CPU
		{F105AC70-38FF-46AA-AB4D-67CE583DF459}.Debug|Any CPU.ActiveCfg = Debug|Any CPU
		{F105AC70-38FF-46AA-AB4D-67CE583DF459}.Debug|Any CPU.Build.0 = Debug|Any CPU
		{F105AC70-38FF-46AA-AB4D-67CE583DF459}.Release|Any CPU.ActiveCfg = Release|Any CPU
		{F105AC70-38FF-46AA-AB4D-67CE583DF459}.Release|Any CPU.Build.0 = Release|Any CPU
		{B9738B51-31F1-49DE-AB7C-0BFB62FB7715}.Debug|Any CPU.ActiveCfg = Debug|Any CPU
		{B9738B51-31F1-49DE-AB7C-0BFB62FB7715}.Debug|Any CPU.Build.0 = Debug|Any CPU
		{B9738B51-31F1-49DE-AB7C-0BFB62FB7715}.Release|Any CPU.ActiveCfg = Release|Any CPU
		{B9738B51-31F1-49DE-AB7C-0BFB62FB7715}.Release|Any CPU.Build.0 = Release|Any CPU
		{5FCDF3B3-9205-4C90-88EB-8DC9AFC3F766}.Debug|Any CPU.ActiveCfg = Debug|Any CPU
		{5FCDF3B3-9205-4C90-88EB-8DC9AFC3F766}.Debug|Any CPU.Build.0 = Debug|Any CPU
		{5FCDF3B3-9205-4C90-88EB-8DC9AFC3F766}.Release|Any CPU.ActiveCfg = Release|Any CPU
		{5FCDF3B3-9205-4C90-88EB-8DC9AFC3F766}.Release|Any CPU.Build.0 = Release|Any CPU
		{18A6169A-1193-41AB-A600-3CF09B315224}.Debug|Any CPU.ActiveCfg = Debug|Any CPU
		{18A6169A-1193-41AB-A600-3CF09B315224}.Debug|Any CPU.Build.0 = Debug|Any CPU
		{18A6169A-1193-41AB-A600-3CF09B315224}.Release|Any CPU.ActiveCfg = Release|Any CPU
		{18A6169A-1193-41AB-A600-3CF09B315224}.Release|Any CPU.Build.0 = Release|Any CPU
	EndGlobalSection
	GlobalSection(SolutionProperties) = preSolution
		HideSolutionNode = FALSE
	EndGlobalSection
EndGlobal
